code.gitea.io/sdk v0.0.0-20170506013721-8cff72208aa4 h1:d2Bvt1ZWu+9LY3djKb/JYEX8Cg1LjsS6FOmCVmed/9s=
code.gitea.io/sdk v0.0.0-20170506013721-8cff72208aa4/go.mod h1:5bZt0dRznpn2JysytQnV0yCru3FwDv9O5G91jo+lDAk=
github.com/Azure/go-ansiterm v0.0.0-20170929234023-d6e3b3328b78 h1:w+iIsaOQNcT7OZ575w+acHgRric5iCyQh+xv+KJ4HB8=
github.com/Azure/go-ansiterm v0.0.0-20170929234023-d6e3b3328b78/go.mod h1:LmzpDX56iTiv29bbRTIsUNlaFfuhWRQBWjQdVyAevI8=
github.com/Microsoft/go-winio v0.4.14 h1:+hMXMk01us9KgxGb7ftKQt2Xpf5hH/yky+TDA+qxleU=
github.com/Microsoft/go-winio v0.4.14/go.mod h1:qXqCSQ3Xa7+6tgxaGTIe4Kpcdsi+P8jBhyzoq1bpyYA=
github.com/Sirupsen/logrus v0.10.0 h1:I5b9VTLOttchcwWCzzNfRDAW2EFGlEN49hyoyq6d2ZI=
github.com/Sirupsen/logrus v0.10.0/go.mod h1:rmk17hk6i8ZSAJkSDa7nOxamrG+SP4P0mm+DAvExv4U=
github.com/alecthomas/template v0.0.0-20160405071501-a0175ee3bccc/go.mod h1:LOuyumcjzFXgccqObfd/Ljyb9UuFJ6TxHnclSeseNhc=
github.com/alecthomas/units v0.0.0-20151022065526-2efee857e7cf/go.mod h1:ybxpYRFXyAe+OPACYpWeL0wqObRcbAqCMya13uyzqw0=
github.com/beorn7/perks v0.0.0-20180321164747-3a771d992973/go.mod h1:Dwedo/Wpr24TaqPxmxbtue+5NUziq4I4S80YR8gNf3Q=
github.com/beorn7/perks v1.0.0 h1:HWo1m869IqiPhD389kmkxeTalrjNbbJTC8LXupb+sl0=
github.com/beorn7/perks v1.0.0/go.mod h1:KWe93zE9D1o94FZ5RNwFwVgaQK1VOXiVxmqh+CedLV8=
github.com/coreos/go-semver v0.0.0-20170209201757-5e3acbb5668c h1:+wuUamXDDSjSegI1+8PkeQ0oY7azHxu0jlLJ9Cc/oLE=
github.com/coreos/go-semver v0.0.0-20170209201757-5e3acbb5668c/go.mod h1:nnelYz7RCh+5ahJtPPxZlU+153eP4D4r3EedlOD2RNk=
github.com/davecgh/go-spew v1.1.0/go.mod h1:J7Y8YcW2NihsgmVo/mv3lAwl/skON4iLHjSsI+c5H38=
github.com/davecgh/go-spew v1.1.1 h1:vj9j/u1bqnvCEfJOwUhtlOARqs3+rkHYY13jYWTU97c=
github.com/davecgh/go-spew v1.1.1/go.mod h1:J7Y8YcW2NihsgmVo/mv3lAwl/skON4iLHjSsI+c5H38=
github.com/dgrijalva/jwt-go v0.0.0-20150904212456-c1da56349675 h1:MIkcjohFTgoQVDHtspV6VlbdH47ArW++NRDaAHKillo=
github.com/dgrijalva/jwt-go v0.0.0-20150904212456-c1da56349675/go.mod h1:E3ru+11k8xSBh+hMPgOLZmtrrCbhqsmaPHjLKYnJCaQ=
github.com/dimfeld/httptreemux v0.0.0-20170728181113-4faa6bbd32f9 h1:8wCo5wT8cOxUaGnPhdQa4kmlDJ+c2j1JS+AzgMI9A8w=
github.com/dimfeld/httptreemux v0.0.0-20170728181113-4faa6bbd32f9/go.mod h1:rbUlSV+CCpv/SuqUTP/8Bk2O3LyUV436/yaRGkhP6Z0=
github.com/docker/distribution v2.5.0-rc.1.0.20161110230334-8016d2d8903e+incompatible h1:qe6NNuwqD9ucJghpJsmLQxAPmfyunijRARoSRdA0xOQ=
github.com/docker/distribution v2.5.0-rc.1.0.20161110230334-8016d2d8903e+incompatible/go.mod h1:J2gT2udsDAN96Uj4KfcMRqY0/ypR+oyYUYmja8H+y+w=
github.com/docker/docker v1.13.0 h1:A5bSnWdwEvPOZ72/0cMjcYIyuvLCHk/KVrT8qOwdKkw=
github.com/docker/docker v1.13.0/go.mod h1:eEKB0N0r5NX/I1kEveEz05bcu8tLC/8azJZsviup8Sk=
github.com/docker/go-connections v0.4.0 h1:El9xVISelRB7BuFusrZozjnkIM5YnzCViNKohAFqRJQ=
github.com/docker/go-connections v0.4.0/go.mod h1:Gbd7IOopHjR8Iph03tsViu4nIes5XhDvyHbTtUxmeec=
github.com/docker/go-units v0.3.0 h1:69LhctGQbg0wZ2bTvwFsuPXPnhe6T2+0UMsxh+rBYZg=
github.com/docker/go-units v0.3.0/go.mod h1:fgPhTUdO+D/Jk86RDLlptpiXQzgHJF7gydDDbaIK4Dk=
github.com/docker/libcompose v0.0.0-20170210184346-1c4bd4542afb h1:SjmUzamE1RxgQhflzllPEa3YYmUAmsxRIxYTaO67U6g=
github.com/docker/libcompose v0.0.0-20170210184346-1c4bd4542afb/go.mod h1:EyqDS+Iyca0hS44T7qIMTeO1EOYWWWNOGpufHu9R8cs=
github.com/drone/envsubst v0.0.0-20181018144617-15e3f9b7e163 h1:EzHAQOoEZCuERjRO2M+5YrXx9QqFNegBkdb4D/m+w00=
github.com/drone/envsubst v0.0.0-20181018144617-15e3f9b7e163/go.mod h1:bkZbnc/2vh1M12Ecn7EYScpI4YGYU0etwLJICOWi8Z0=
github.com/drone/expr v0.0.0-20170909010628-72f4df4a266b h1:4Cu08npBhJIomGjuZikQch2gWy/ZCfntAzrihKCP84c=
github.com/drone/expr v0.0.0-20170909010628-72f4df4a266b/go.mod h1:ZTxWkAdswyXO7O1COlFOIg1VODCrbvhJIHO42DABVJU=
github.com/drone/signal v0.0.0-20170915013802-ac5d07ef1315 h1:pNSCIqkfTtVWwSHCOzCdEODGIdVh399LUj3wWiB4J+8=
github.com/drone/signal v0.0.0-20170915013802-ac5d07ef1315/go.mod h1:S8t92eFT0g4WUgEc/LxG+LCuiskpMNsG0ajAMGnyZpc=
github.com/flynn/go-shlex v0.0.0-20150515145356-3f9db97f8568 h1:BHsljHzVlRcyQhjrss6TZTdY2VfCqZPbv5k3iBFa2ZQ=
github.com/flynn/go-shlex v0.0.0-20150515145356-3f9db97f8568/go.mod h1:xEzjJPgXI435gkrCt3MPfRiAkVrwSbHsst4LCFVfpJc=
github.com/franela/goblin v0.0.0-20160123211154-889391d73023 h1:FwwGiDaXOnnZRvmccly64PWGmOvBmmzKkHquNOMRd4I=
github.com/franela/goblin v0.0.0-20160123211154-889391d73023/go.mod h1:7dvUGVsVBjqR7JHJk0brhHOZYGmfBYOrK0ZhYMEtBr4=
github.com/ghodss/yaml v0.0.0-20161207003320-04f313413ffd h1:U3yHrYB7NWH2o3UFzJ1J+TknZqM9QQtF8KVIE6Qzrfs=
github.com/ghodss/yaml v0.0.0-20161207003320-04f313413ffd/go.mod h1:4dBDuWmgqj2HViK6kFavaiC9ZROes6MMH2rRYeMEF04=
github.com/gin-gonic/contrib v0.0.0-20150815172543-14f66d54cdb9 h1:gISPkiYdlRqAEbns25dOAoT/w5dxhI4ACWUYfTr3dFQ=
github.com/gin-gonic/contrib v0.0.0-20150815172543-14f66d54cdb9/go.mod h1:iqneQ2Df3omzIVTkIfn7c1acsVnMGiSLn4XF5Blh3Yg=
github.com/gin-gonic/gin v0.0.0-20160130002857-3d002e382355 h1:3ZUBGReAr10RSnHj5+2kODVfDuTQN9+tAUaiPb+sWeQ=
github.com/gin-gonic/gin v0.0.0-20160130002857-3d002e382355/go.mod h1:7cKuhb5qV2ggCFctp2fJQ+ErvciLZrIeoOSOm6mUr7Y=
github.com/go-kit/kit v0.8.0/go.mod h1:xBxKIO96dXMWWy0MnWVtmwkA9/13aqxPnvrjFYMA2as=
github.com/go-logfmt/logfmt v0.3.0/go.mod h1:Qt1PoO58o5twSAckw1HlFXLmHsOX5/0LbT9GBnD5lWE=
github.com/go-sql-driver/mysql v1.3.0 h1:pgwjLi/dvffoP9aabwkT3AKpXQM93QARkjFhDDqC1UE=
github.com/go-sql-driver/mysql v1.3.0/go.mod h1:zAC/RDZ24gD3HViQzih4MyKcchzm+sOG5ZlKdlhCg5w=
github.com/go-stack/stack v1.8.0/go.mod h1:v0f6uXyyMGvRgIKkXu+yp6POWl0qKG85gN/melR3HDY=
github.com/gogits/go-gogs-client v0.0.0-20160212212711-d584b1e0fb4d h1:2sle18csjgDC8lnX5SHBwoyBlE1QLj8A8vgDxd2Mwbw=
github.com/gogits/go-gogs-client v0.0.0-20160212212711-d584b1e0fb4d/go.mod h1:cY2AIrMgHm6oOHmR7jY+9TtjzSjQ3iG7tURJG3Y6XH0=
github.com/gogo/protobuf v1.1.1 h1:72R+M5VuhED/KujmZVcIquuo8mBgX4oVda//DQb3PXo=
github.com/gogo/protobuf v1.1.1/go.mod h1:r8qH/GZQm5c6nD/R0oafs1akxWv10x8SbQlK7atdtwQ=
github.com/golang/protobuf v1.2.0/go.mod h1:6lQm79b+lXiMfvg/cZm0SGofjICqVBUtrP5yJMmIC1U=
github.com/golang/protobuf v1.3.1 h1:YF8+flBXS5eO826T4nzqPrxfhQThhXl0YzfuUPu4SBg=
github.com/golang/protobuf v1.3.1/go.mod h1:6lQm79b+lXiMfvg/cZm0SGofjICqVBUtrP5yJMmIC1U=
github.com/google/go-cmp v0.2.0 h1:+dTQ8DZQJz0Mb/HjFlkptS1FeQ4cWSnN941F8aEG4SQ=
github.com/google/go-cmp v0.2.0/go.mod h1:oXzfMopK8JAjlY9xF4vHSVASa0yLyX7SntLO5aqRK0M=
github.com/google/go-github v0.0.0-20151120211125-47f2593dad19 h1:RNqPPpiIA6KLsN6eqPHdRr/Di6tBROVtTo8GKwvyQ1U=
github.com/google/go-github v0.0.0-20151120211125-47f2593dad19/go.mod h1:zLgOLi98H3fifZn+44m+umXrS52loVEgC2AApnigrVQ=
github.com/google/go-querystring v0.0.0-20140906084135-d8840cbb2baa h1:iSW8wBImJ70ZKbf/WeqeEHd9MuGtg2kUJ39xcsIlctw=
github.com/google/go-querystring v0.0.0-20140906084135-d8840cbb2baa/go.mod h1:odCYkC5MyYFN7vkCjXpyrEuKhc/BUO6wN/zVPAxq5ck=
github.com/gorilla/mux v1.7.3 h1:gnP5JzjVOuiZD07fKKToCAOjS0yOpj/qPETTXCCS6hw=
github.com/gorilla/mux v1.7.3/go.mod h1:1lud6UwP+6orDFRuTfBEV8e9/aOM/c4fVVCaMa2zaAs=
github.com/gorilla/securecookie v0.0.0-20140409111100-1b0c7f6e9ab3 h1:gdM8DoGwuzkJBvZwu45wCHLfzmSDnUmASRYxVS8sBUA=
github.com/gorilla/securecookie v0.0.0-20140409111100-1b0c7f6e9ab3/go.mod h1:ra0sb63/xPlUeL+yeDciTfxMRAA+MP+HVt/4epWDjd4=
github.com/gorilla/websocket v1.0.0 h1:J/mA+d2LqcDKjAEhQjXDHt9/e7Cnm+oBUwgHp5C6XDg=
github.com/gorilla/websocket v1.0.0/go.mod h1:E7qHFY5m1UJ88s3WnNqhKjPHQ0heANvMoAMk2YaljkQ=
github.com/jackspirou/syscerts v0.0.0-20160531025014-b68f5469dff1 h1:9Xm8CKtMZIXgcopfdWk/qZ1rt0HjMgfMR9nxxSeK6vk=
github.com/jackspirou/syscerts v0.0.0-20160531025014-b68f5469dff1/go.mod h1:zuHl3Hh+e9P6gmBPvcqR1HjkaWHC/csgyskg6IaFKFo=
github.com/joho/godotenv v0.0.0-20150907010228-4ed13390c0ac h1:wF2VgtpbaLqhBHV9FxVWzgzgv8VcCjZ66Bl/+F6cpT0=
github.com/joho/godotenv v0.0.0-20150907010228-4ed13390c0ac/go.mod h1:7hK45KPybAkOC6peb+G5yklZfMxEjkZhHbwpqxOKXbg=
github.com/julienschmidt/httprouter v1.2.0/go.mod h1:SYymIcj16QtmaHHD7aYtjjsJG7VTCxuUUipMqKk8s4w=
github.com/konsorten/go-windows-terminal-sequences v1.0.1/go.mod h1:T0+1ngSBFLxvqU3pZ+m/2kptfBszLMUkC4ZK/EgS/cQ=
github.com/kr/logfmt v0.0.0-20140226030751-b84e30acd515/go.mod h1:+0opPa2QZZtGFBFZlji/RkVcI2GknAs/DXo4wKdlNEc=
github.com/kr/pretty v0.0.0-20160708215748-737b74a46c4b h1:LJ9zj3Zit+pLjAQtA1gxl/ewhTnVa7+v9KPDCk6NdFc=
github.com/kr/pretty v0.0.0-20160708215748-737b74a46c4b/go.mod h1:Bvhd+E3laJ0AVkG0c9rmtZcnhV0HQ3+c3YxxqTvc/gA=
github.com/kr/text v0.0.0-20160504234017-7cafcd837844 h1:kpzneEBeC0dMewP3gr/fADv1OlblH9r1goWVwpOt3TU=
github.com/kr/text v0.0.0-20160504234017-7cafcd837844/go.mod h1:sjUstKUATFIcff4qlB53Kml0wQPtJVc/3fWrmuUmcfA=
github.com/laszlocph/woodpecker-ui v0.0.0-20190724123035-653e49c05045 h1:H2vySVhUS29MOkY1tdn9NOPsffndAf2/5kod0gwX1m4=
github.com/laszlocph/woodpecker-ui v0.0.0-20190724123035-653e49c05045/go.mod h1:+Ly1/ou5jW3YIvsEiJWNJTIe3Zt8dLPd0cgrmbjARoE=
github.com/lib/pq v0.0.0-20151015211310-83c4f410d0ae h1:rBqRT7VqVLePKGtyV6xDFLXeqD56CvZKEqI0XWzVTxM=
github.com/lib/pq v0.0.0-20151015211310-83c4f410d0ae/go.mod h1:5WUZQaWbwv1U+lTReE5YruASi9Al49XbQIvNi/34Woo=
github.com/manucorporat/sse v0.0.0-20160126180136-ee05b128a739 h1:ykXz+pRRTibcSjG1yRhpdSHInF8yZY/mfn+Rz2Nd1rE=
github.com/manucorporat/sse v0.0.0-20160126180136-ee05b128a739/go.mod h1:zUx1mhth20V3VKgL5jbd1BSQcW4Fy6Qs4PZvQwRFwzM=
github.com/mattn/go-sqlite3 v0.0.0-20170901084005-05548ff55570 h1:5kUatfhghA56dCIJpXrEiXGvLKSMiIVm5hTKJMnnymo=
github.com/mattn/go-sqlite3 v0.0.0-20170901084005-05548ff55570/go.mod h1:FPy6KqzDD04eiIsT53CuJW3U88zkxoIYsOqkbpncsNc=
github.com/matttproud/golang_protobuf_extensions v1.0.1 h1:4hp9jkHxhMHkqkrB3Ix0jegS5sx/RkqARlsWZ6pIwiU=
github.com/matttproud/golang_protobuf_extensions v1.0.1/go.mod h1:D8He9yQNgCq6Z5Ld7szi9bcBfOoFv/3dc6xSMkL2PC0=
github.com/mrjones/oauth v0.0.0-20160405235802-31f1e8e5addd h1:rnSsxDubHzq+sl6hVHsPAO4ZBcCCfeqyvMVjPztCNNA=
github.com/mrjones/oauth v0.0.0-20160405235802-31f1e8e5addd/go.mod h1:skjdDftzkFALcuGzYSklqYd8gvat6F1gZJ4YPVbkZpM=
github.com/mwitkow/go-conntrack v0.0.0-20161129095857-cc309e4a2223/go.mod h1:qRWi+5nqEBWmkhHvq77mSJWrCKwh8bxhgT7d/eI7P4U=
github.com/opencontainers/runc v0.1.1 h1:GlxAyO6x8rfZYN9Tt0Kti5a/cP41iuiO2yYT0IJGY8Y=
github.com/opencontainers/runc v0.1.1/go.mod h1:qT5XzbpPznkRYVz/mWwUaVBUv2rmF59PVA73FjuZG0U=
github.com/opencontainers/runtime-spec v1.0.1 h1:wY4pOY8fBdSIvs9+IDHC55thBuEulhzfSgKeC1yFvzQ=
github.com/opencontainers/runtime-spec v1.0.1/go.mod h1:jwyrGlmzljRJv/Fgzds9SsS/C5hL+LL3ko9hs6T5lQ0=
github.com/pkg/errors v0.8.0 h1:WdK/asTD0HN+q6hsWO3/vpuAkAr+tw6aNJNDFFf0+qw=
github.com/pkg/errors v0.8.0/go.mod h1:bwawxfHBFNV+L2hUp1rHADufV3IMtnDRdf1r5NINEl0=
github.com/pkg/errors v0.8.1 h1:iURUrRGxPUNPdy5/HRSm+Yj6okJ6UtLINN0Q9M4+h3I=
github.com/pkg/errors v0.8.1/go.mod h1:bwawxfHBFNV+L2hUp1rHADufV3IMtnDRdf1r5NINEl0=
github.com/pmezard/go-difflib v1.0.0 h1:4DBwDE0NGyQoBHbLQYPwSUPoCMWR5BEzIk/f1lZbAQM=
github.com/pmezard/go-difflib v1.0.0/go.mod h1:iKH77koFhYxTK1pcRnkKkqfTogsbg7gZNVY4sRDYZ/4=
github.com/prometheus/client_golang v0.9.1 h1:K47Rk0v/fkEfwfQet2KWhscE0cJzjgCCDBG2KHZoVno=
github.com/prometheus/client_golang v0.9.1/go.mod h1:7SWBe2y4D6OKWSNQJUaRYU/AaXPKyh/dDVn+NZz0KFw=
github.com/prometheus/client_model v0.0.0-20180712105110-5c3871d89910/go.mod h1:MbSGuTsp3dbXC40dX6PRTWyKYBIrTGTE9sqQNg2J8bo=
github.com/prometheus/client_model v0.0.0-20190129233127-fd36f4220a90 h1:S/YWwWx/RA8rT8tKFRuGUZhuA90OyIBpPCXkcbwU8DE=
github.com/prometheus/client_model v0.0.0-20190129233127-fd36f4220a90/go.mod h1:xMI15A0UPsDsEKsMN9yxemIoYk6Tm2C1GtYGdfGttqA=
github.com/prometheus/common v0.4.1 h1:K0MGApIoQvMw27RTdJkPbr3JZ7DNbtxQNyi5STVM6Kw=
github.com/prometheus/common v0.4.1/go.mod h1:TNfzLD0ON7rHzMJeJkieUDPYmFC7Snx/y86RQel1bk4=
github.com/prometheus/procfs v0.0.0-20181005140218-185b4288413d/go.mod h1:c3At6R/oaqEKCNdg8wHV1ftS6bRYblBhIjjI8uT2IGk=
github.com/prometheus/procfs v0.0.1 h1:Vb1OE5ZDNKF3yhna6/G+5pHqADNm4I8hUoHj7YQhbZk=
github.com/prometheus/procfs v0.0.1/go.mod h1:TjEm7ze935MbeOT/UhFTIMYKhuLP4wbCsTZCD3I8kEA=
github.com/rs/zerolog v0.0.0-20170911215232-9d194eb6f50e h1:BYvKgDfc2ZgsYUoGH5RDsRrvTsw/fDE3spHzeNyOLG0=
github.com/rs/zerolog v0.0.0-20170911215232-9d194eb6f50e/go.mod h1:YbFCdg8HfsridGWAh22vktObvhZbQsZXe4/zB0OKkWU=
github.com/russross/meddler v0.0.0-20130919212315-308c3d0e5e45 h1:OGcddMYyBUv6pgiYrYVBA4690dy/mrQQgpoXbAjdb2w=
github.com/russross/meddler v0.0.0-20130919212315-308c3d0e5e45/go.mod h1:L0qig4K5sCW6YvsjqjPgkKJpwphlhMX1SmjGdcKXbsw=
github.com/sirupsen/logrus v1.2.0/go.mod h1:LxeOpSwHxABJmUn/MG1IvRgCAasNZTLOkJPxbbu5VWo=
github.com/sirupsen/logrus v1.4.1/go.mod h1:ni0Sbl8bgC9z8RoU9G6nDWqqs/fq4eDPysMBDgk/93Q=
github.com/sourcegraph/jsonrpc2 v0.0.0-20170220125533-277d2464cfb1 h1:AfWyvlMeWliD9zzs31ekdxXaYmAXaRaIrpgeY80jlz4=
github.com/sourcegraph/jsonrpc2 v0.0.0-20170220125533-277d2464cfb1/go.mod h1:eESpbCslcLDs8j2D7IEdGVgul7xuk9odqDTaor30IUU=
github.com/stevvooe/resumable v0.0.0-20180830230917-22b14a53ba50 h1:4bT0pPowCpQImewr+BjzfUKcuFW+KVyB8d1OF3b6oTI=
github.com/stevvooe/resumable v0.0.0-20180830230917-22b14a53ba50/go.mod h1:1pdIZTAHUz+HDKDVZ++5xg/duPlhKAIzw9qy42CWYp4=
github.com/stretchr/objx v0.1.0/go.mod h1:HFkY916IF+rwdDfMAkV7OtwuqBVzrE8GR6GFx+wExME=
github.com/stretchr/objx v0.1.1 h1:2vfRuCMp5sSVIDSqO8oNnWJq7mPa6KVP3iPIwFBuy8A=
github.com/stretchr/objx v0.1.1/go.mod h1:HFkY916IF+rwdDfMAkV7OtwuqBVzrE8GR6GFx+wExME=
github.com/stretchr/testify v1.2.2/go.mod h1:a8OnRcib4nhh0OaRAV+Yts87kKdq0PP7pXfy6kDkUVs=
github.com/stretchr/testify v1.3.0 h1:TivCn/peBQ7UY8ooIcPgZFpTNSz0Q2U6UrFlUfqbe0Q=
github.com/stretchr/testify v1.3.0/go.mod h1:M5WIy9Dh21IEIfnGCwXGc5bZfKNJtfHm1UVUgZn+9EI=
github.com/tevino/abool v0.0.0-20160628101133-3c25f2fe7cd0 h1:vWFdUhOO5Mw8vldT2ZRasKiGurX0mrUGZqDHyJB526Y=
github.com/tevino/abool v0.0.0-20160628101133-3c25f2fe7cd0/go.mod h1:f1SCnEOt6sc3fOJfPQDRDzHOtSXuTtnz0ImG9kPRDV0=
github.com/urfave/cli v0.0.0-20190203184040-693af58b4d51 h1:laC7vBFpaVCak13N8MQB85P0SzzosgQIis3nbqs4Mmk=
github.com/urfave/cli v0.0.0-20190203184040-693af58b4d51/go.mod h1:70zkFmudgCuE/ngEzBv17Jvp/497gISqfk5gWijbERA=
github.com/vbatts/tar-split v0.11.1 h1:0Odu65rhcZ3JZaPHxl7tCI3V/C/Q9Zf82UFravl02dE=
github.com/vbatts/tar-split v0.11.1/go.mod h1:LEuURwDEiWjRjwu46yU3KVGuUdVv/dcnpcEPSzR8z6g=
golang.org/x/crypto v0.0.0-20180904163835-0709b304e793 h1:u+LnwYTOOW7Ukr/fppxEb1Nwz0AtPflrblfvUudpo+I=
golang.org/x/crypto v0.0.0-20180904163835-0709b304e793/go.mod h1:6SG95UA2DQfeDnfUPMdvaQW0Q7yPrPDi9nlGo2tz2b4=
golang.org/x/net v0.0.0-20180724234803-3673e40ba225/go.mod h1:mL1N/T3taQHkDXs73rZJwtUhF3w3ftmwwsq0BUmARs4=
golang.org/x/net v0.0.0-20181114220301-adae6a3d119a h1:gOpx8G595UYyvj8UK4+OFyY4rx037g3fmfhe5SasG3U=
golang.org/x/net v0.0.0-20181114220301-adae6a3d119a/go.mod h1:mL1N/T3taQHkDXs73rZJwtUhF3w3ftmwwsq0BUmARs4=
golang.org/x/oauth2 v0.0.0-20160121061903-8a57ed94ffd4 h1:9XepZslbsnDusjUYh6+WSErDUzVo/HMQEYzWVxp3Wg4=
golang.org/x/oauth2 v0.0.0-20160121061903-8a57ed94ffd4/go.mod h1:N/0e6XlmueqKjAGxoOufVs8QHGRruUQn6yWY3a++T0U=
golang.org/x/sync v0.0.0-20181108010431-42b317875d0f/go.mod h1:RxMgew5VJxzue5/jJTE5uejpjVlOe/izrB70Jof72aM=
golang.org/x/sync v0.0.0-20181221193216-37e7f081c4d4 h1:YUO/7uOKsKeq9UokNS62b8FYywz3ker1l1vDZRCRefw=
golang.org/x/sync v0.0.0-20181221193216-37e7f081c4d4/go.mod h1:RxMgew5VJxzue5/jJTE5uejpjVlOe/izrB70Jof72aM=
golang.org/x/sys v0.0.0-20180905080454-ebe1bf3edb33/go.mod h1:STP8DvDyc/dI5b8T5hshtkjS+E42TnysNCUPdjciGhY=
golang.org/x/sys v0.0.0-20181116152217-5ac8a444bdc5 h1:mzjBh+S5frKOsOBobWIMAbXavqjmgO17k/2puhcFR94=
golang.org/x/sys v0.0.0-20181116152217-5ac8a444bdc5/go.mod h1:STP8DvDyc/dI5b8T5hshtkjS+E42TnysNCUPdjciGhY=
golang.org/x/sys v0.0.0-20190507160741-ecd444e8653b h1:ag/x1USPSsqHud38I9BAC88qdNLDHHtQ4mlgQIZPPNA=
golang.org/x/sys v0.0.0-20190507160741-ecd444e8653b/go.mod h1:h1NjWce9XRLGQEsW7wpKNCjG9DtNlClVuFLEZdDNbEs=
golang.org/x/text v0.3.0 h1:g61tztE5qeGQ89tm6NTjjM9VPIm088od1l6aSorWRWg=
golang.org/x/text v0.3.0/go.mod h1:NqM8EUOU14njkJ3fqMW+pc6Ldnwhi/IjpwHt7yyuwOQ=
google.golang.org/appengine v1.5.0 h1:KxkO13IPW4Lslp2bz+KHP2E3gtFlrIGNThxkZQ3g+4c=
google.golang.org/appengine v1.5.0/go.mod h1:xpcJRLb0r/rnEns0DIKYYv+WjYCduHsrkT7/EB5XEv4=
google.golang.org/genproto v0.0.0-20170531203552-aa2eb687b4d3 h1:rsmDI9aCBHRNMo98WtsHjdPg0psgNNKKhYGTMCCp2q0=
google.golang.org/genproto v0.0.0-20170531203552-aa2eb687b4d3/go.mod h1:JiN7NxoALGmiZfu7CAH4rXhgtRTLTxftemlI0sWmxmc=
google.golang.org/grpc v0.0.0-20170626232044-9cb02b885b41 h1:39H6E1rBInQL8VUYaVfAgL3MklFeNfDaEW4hL9y4lKA=
google.golang.org/grpc v0.0.0-20170626232044-9cb02b885b41/go.mod h1:yo6s7OP7yaDglbqo1J04qKzAhqBH6lvTonzMVmEdcZw=
gopkg.in/alecthomas/kingpin.v2 v2.2.6/go.mod h1:FMv+mEhP44yOT+4EoQTLFTRgOQ1FBLkstjWtayDeSgw=
gopkg.in/check.v1 v0.0.0-20161208181325-20d25e280405 h1:yhCVgyC4o1eVCa2tZl7eS0r+SDo693bJlVdllGtEeKM=
gopkg.in/check.v1 v0.0.0-20161208181325-20d25e280405/go.mod h1:Co6ibVJAznAaIkqp8huTwlJQCZ016jof/cbN4VW5Yz0=
gopkg.in/go-playground/assert.v1 v1.2.1 h1:xoYuJVE7KT85PYWrN730RguIQO0ePzVRfFMXadIrXTM=
gopkg.in/go-playground/assert.v1 v1.2.1/go.mod h1:9RXL0bg/zibRAgZUYszZSwO/z8Y/a8bDuhia5mkpMnE=
gopkg.in/go-playground/validator.v8 v8.17.1 h1:W1Q1z7rfiJiNhoBkHYqb9TJAdOqPXsyNeZ+8cAzP+kg=
gopkg.in/go-playground/validator.v8 v8.17.1/go.mod h1:RX2a/7Ha8BgOhfk7j780h4/u/RRjR0eouCJSH80/M2Y=
gopkg.in/yaml.v2 v2.2.1 h1:mUhvW9EsL+naU5Q3cakzfE91YhliOondGd6ZrsDBHQE=
gopkg.in/yaml.v2 v2.2.1/go.mod h1:hI93XBmqTisBFMUTm0b8Fm+jr3Dg1NNxqwp+5A1VGuI=
